// !$*UTF8*$!
{
	archiveVersion = 1;
	classes = {
	};
	objectVersion = 46;
	objects = {

/* Begin PBXBuildFile section */
		B31F7442137E4BD500250779 /* AMUtility.h in Headers */ = {isa = PBXBuildFile; fileRef = B31F7440137E4BD500250779 /* AMUtility.h */; settings = {ATTRIBUTES = (Public, ); }; };
		B31F7443137E4BD500250779 /* AMUtility.h in Headers */ = {isa = PBXBuildFile; fileRef = B31F7440137E4BD500250779 /* AMUtility.h */; settings = {ATTRIBUTES = (Public, ); }; };
		B31F7444137E4BD500250779 /* AMUtility.m in Sources */ = {isa = PBXBuildFile; fileRef = B31F7441137E4BD500250779 /* AMUtility.m */; };
		B31F7445137E4BD500250779 /* AMUtility.m in Sources */ = {isa = PBXBuildFile; fileRef = B31F7441137E4BD500250779 /* AMUtility.m */; };
		B31F7448137E4BF300250779 /* AMFoundation.h in Headers */ = {isa = PBXBuildFile; fileRef = B31F7447137E4BF300250779 /* AMFoundation.h */; settings = {ATTRIBUTES = (Public, ); }; };
		B31F7449137E4BF300250779 /* AMFoundation.h in Headers */ = {isa = PBXBuildFile; fileRef = B31F7447137E4BF300250779 /* AMFoundation.h */; settings = {ATTRIBUTES = (Public, ); }; };
		B3204DB5136388230061A1CE /* Cocoa.framework in Frameworks */ = {isa = PBXBuildFile; fileRef = B3204DA6136388230061A1CE /* Cocoa.framework */; };
		B3204DBE136388230061A1CE /* InfoPlist.strings in Resources */ = {isa = PBXBuildFile; fileRef = B3204DBC136388230061A1CE /* InfoPlist.strings */; };
		B3204DC1136388230061A1CE /* AMFoundationTests.h in Resources */ = {isa = PBXBuildFile; fileRef = B3204DC0136388230061A1CE /* AMFoundationTests.h */; };
		B3204DC3136388230061A1CE /* AMFoundationTests.m in Sources */ = {isa = PBXBuildFile; fileRef = B3204DC2136388230061A1CE /* AMFoundationTests.m */; };
		B3204DF41363893A0061A1CE /* AMExtensions.h in Headers */ = {isa = PBXBuildFile; fileRef = B3204DEF1363893A0061A1CE /* AMExtensions.h */; settings = {ATTRIBUTES = (Public, ); }; };
		B3204DF51363893A0061A1CE /* AMExtensions.h in Headers */ = {isa = PBXBuildFile; fileRef = B3204DEF1363893A0061A1CE /* AMExtensions.h */; settings = {ATTRIBUTES = (Public, ); }; };
		B3204DF61363893A0061A1CE /* AMExtensions.m in Sources */ = {isa = PBXBuildFile; fileRef = B3204DF01363893A0061A1CE /* AMExtensions.m */; };
		B3204DF71363893A0061A1CE /* AMExtensions.m in Sources */ = {isa = PBXBuildFile; fileRef = B3204DF01363893A0061A1CE /* AMExtensions.m */; };
		B3204DF81363893A0061A1CE /* AMExtensions.m in Sources */ = {isa = PBXBuildFile; fileRef = B3204DF01363893A0061A1CE /* AMExtensions.m */; };
		B3204DF91363893A0061A1CE /* AMGeometry.h in Headers */ = {isa = PBXBuildFile; fileRef = B3204DF11363893A0061A1CE /* AMGeometry.h */; settings = {ATTRIBUTES = (Public, ); }; };
		B3204DFA1363893A0061A1CE /* AMGeometry.h in Headers */ = {isa = PBXBuildFile; fileRef = B3204DF11363893A0061A1CE /* AMGeometry.h */; settings = {ATTRIBUTES = (Public, ); }; };
		B3204DFB1363893A0061A1CE /* AMGeometry.m in Sources */ = {isa = PBXBuildFile; fileRef = B3204DF21363893A0061A1CE /* AMGeometry.m */; };
		B3204DFC1363893A0061A1CE /* AMGeometry.m in Sources */ = {isa = PBXBuildFile; fileRef = B3204DF21363893A0061A1CE /* AMGeometry.m */; };
		B3204DFD1363893A0061A1CE /* AMGeometry.m in Sources */ = {isa = PBXBuildFile; fileRef = B3204DF21363893A0061A1CE /* AMGeometry.m */; };
		B3204DFE1363893A0061A1CE /* AMLogMacros.h in Headers */ = {isa = PBXBuildFile; fileRef = B3204DF31363893A0061A1CE /* AMLogMacros.h */; settings = {ATTRIBUTES = (Public, ); }; };
		B3204DFF1363893A0061A1CE /* AMLogMacros.h in Headers */ = {isa = PBXBuildFile; fileRef = B3204DF31363893A0061A1CE /* AMLogMacros.h */; settings = {ATTRIBUTES = (Public, ); }; };
		B3204E011363899E0061A1CE /* Foundation.framework in Frameworks */ = {isa = PBXBuildFile; fileRef = B3204E001363899E0061A1CE /* Foundation.framework */; };
		B3204E02136389C20061A1CE /* Foundation.framework in Frameworks */ = {isa = PBXBuildFile; fileRef = B3204E001363899E0061A1CE /* Foundation.framework */; };
		B3204E0313638ABA0061A1CE /* Cocoa.framework in Frameworks */ = {isa = PBXBuildFile; fileRef = B3204DA6136388230061A1CE /* Cocoa.framework */; };
		B3204E0413638ABE0061A1CE /* Foundation.framework in Frameworks */ = {isa = PBXBuildFile; fileRef = B3204E001363899E0061A1CE /* Foundation.framework */; };
		B3204E0613638B010061A1CE /* CoreGraphics.framework in Frameworks */ = {isa = PBXBuildFile; fileRef = B3204E0513638B010061A1CE /* CoreGraphics.framework */; };
		B3204E0813638B160061A1CE /* Quartz.framework in Frameworks */ = {isa = PBXBuildFile; fileRef = B3204E0713638B160061A1CE /* Quartz.framework */; };
		B3802A77136E8BBA002A5748 /* AMError.h in Headers */ = {isa = PBXBuildFile; fileRef = B3802A76136E8BBA002A5748 /* AMError.h */; settings = {ATTRIBUTES = (Public, ); }; };
		B3802A78136E8BBA002A5748 /* AMError.h in Headers */ = {isa = PBXBuildFile; fileRef = B3802A76136E8BBA002A5748 /* AMError.h */; settings = {ATTRIBUTES = (Public, ); }; };
		B3802A7B136E8C1A002A5748 /* AMError.m in Sources */ = {isa = PBXBuildFile; fileRef = B3802A7A136E8C1A002A5748 /* AMError.m */; };
		B3802A7C136E8C1A002A5748 /* AMError.m in Sources */ = {isa = PBXBuildFile; fileRef = B3802A7A136E8C1A002A5748 /* AMError.m */; };
/* End PBXBuildFile section */

/* Begin PBXFileReference section */
		B31F741B137E44C800250779 /* PortableStaticLibrary.xcconfig */ = {isa = PBXFileReference; fileEncoding = 4; lastKnownFileType = text.xcconfig; path = PortableStaticLibrary.xcconfig; sourceTree = "<group>"; };
		B31F7440137E4BD500250779 /* AMUtility.h */ = {isa = PBXFileReference; fileEncoding = 4; lastKnownFileType = sourcecode.c.h; path = AMUtility.h; sourceTree = "<group>"; };
		B31F7441137E4BD500250779 /* AMUtility.m */ = {isa = PBXFileReference; fileEncoding = 4; lastKnownFileType = sourcecode.c.objc; path = AMUtility.m; sourceTree = "<group>"; };
		B31F7447137E4BF300250779 /* AMFoundation.h */ = {isa = PBXFileReference; fileEncoding = 4; lastKnownFileType = sourcecode.c.h; path = AMFoundation.h; sourceTree = "<group>"; };
		B3204DA6136388230061A1CE /* Cocoa.framework */ = {isa = PBXFileReference; lastKnownFileType = wrapper.framework; name = Cocoa.framework; path = System/Library/Frameworks/Cocoa.framework; sourceTree = SDKROOT; };
		B3204DB4136388230061A1CE /* AMFoundationTests.octest */ = {isa = PBXFileReference; explicitFileType = wrapper.cfbundle; includeInIndex = 0; path = AMFoundationTests.octest; sourceTree = BUILT_PRODUCTS_DIR; };
		B3204DBB136388230061A1CE /* AMFoundationTests-Info.plist */ = {isa = PBXFileReference; lastKnownFileType = text.plist.xml; path = "AMFoundationTests-Info.plist"; sourceTree = "<group>"; };
		B3204DBD136388230061A1CE /* en */ = {isa = PBXFileReference; lastKnownFileType = text.plist.strings; name = en; path = en.lproj/InfoPlist.strings; sourceTree = "<group>"; };
		B3204DBF136388230061A1CE /* AMFoundationTests-Prefix.pch */ = {isa = PBXFileReference; lastKnownFileType = sourcecode.c.h; path = "AMFoundationTests-Prefix.pch"; sourceTree = "<group>"; };
		B3204DC0136388230061A1CE /* AMFoundationTests.h */ = {isa = PBXFileReference; lastKnownFileType = sourcecode.c.h; path = AMFoundationTests.h; sourceTree = "<group>"; };
		B3204DC2136388230061A1CE /* AMFoundationTests.m */ = {isa = PBXFileReference; lastKnownFileType = sourcecode.c.objc; path = AMFoundationTests.m; sourceTree = "<group>"; };
		B3204DD3136388600061A1CE /* libAMFoundation_iOS.a */ = {isa = PBXFileReference; explicitFileType = archive.ar; includeInIndex = 0; path = libAMFoundation_iOS.a; sourceTree = BUILT_PRODUCTS_DIR; };
		B3204DD8136388600061A1CE /* AMFoundation_iOS-Prefix.pch */ = {isa = PBXFileReference; lastKnownFileType = sourcecode.c.h; path = "AMFoundation_iOS-Prefix.pch"; sourceTree = "<group>"; };
		B3204DE11363888B0061A1CE /* libAMFoundation_Mac.a */ = {isa = PBXFileReference; explicitFileType = archive.ar; includeInIndex = 0; path = libAMFoundation_Mac.a; sourceTree = BUILT_PRODUCTS_DIR; };
		B3204DE51363888B0061A1CE /* AMFoundation_Mac-Prefix.pch */ = {isa = PBXFileReference; lastKnownFileType = sourcecode.c.h; path = "AMFoundation_Mac-Prefix.pch"; sourceTree = "<group>"; };
		B3204DEF1363893A0061A1CE /* AMExtensions.h */ = {isa = PBXFileReference; fileEncoding = 4; lastKnownFileType = sourcecode.c.h; path = AMExtensions.h; sourceTree = "<group>"; };
		B3204DF01363893A0061A1CE /* AMExtensions.m */ = {isa = PBXFileReference; fileEncoding = 4; lastKnownFileType = sourcecode.c.objc; path = AMExtensions.m; sourceTree = "<group>"; };
		B3204DF11363893A0061A1CE /* AMGeometry.h */ = {isa = PBXFileReference; fileEncoding = 4; lastKnownFileType = sourcecode.c.h; path = AMGeometry.h; sourceTree = "<group>"; };
		B3204DF21363893A0061A1CE /* AMGeometry.m */ = {isa = PBXFileReference; fileEncoding = 4; lastKnownFileType = sourcecode.c.objc; path = AMGeometry.m; sourceTree = "<group>"; };
		B3204DF31363893A0061A1CE /* AMLogMacros.h */ = {isa = PBXFileReference; fileEncoding = 4; lastKnownFileType = sourcecode.c.h; path = AMLogMacros.h; sourceTree = "<group>"; };
		B3204E001363899E0061A1CE /* Foundation.framework */ = {isa = PBXFileReference; lastKnownFileType = wrapper.framework; name = Foundation.framework; path = System/Library/Frameworks/Foundation.framework; sourceTree = SDKROOT; };
		B3204E0513638B010061A1CE /* CoreGraphics.framework */ = {isa = PBXFileReference; lastKnownFileType = wrapper.framework; name = CoreGraphics.framework; path = Platforms/iPhoneOS.platform/Developer/SDKs/iPhoneOS4.3.sdk/System/Library/Frameworks/CoreGraphics.framework; sourceTree = DEVELOPER_DIR; };
		B3204E0713638B160061A1CE /* Quartz.framework */ = {isa = PBXFileReference; lastKnownFileType = wrapper.framework; name = Quartz.framework; path = System/Library/Frameworks/Quartz.framework; sourceTree = SDKROOT; };
		B3802A76136E8BBA002A5748 /* AMError.h */ = {isa = PBXFileReference; fileEncoding = 4; lastKnownFileType = sourcecode.c.h; path = AMError.h; sourceTree = "<group>"; };
		B3802A7A136E8C1A002A5748 /* AMError.m */ = {isa = PBXFileReference; fileEncoding = 4; lastKnownFileType = sourcecode.c.objc; path = AMError.m; sourceTree = "<group>"; };
/* End PBXFileReference section */

/* Begin PBXFrameworksBuildPhase section */
		B3204DB0136388230061A1CE /* Frameworks */ = {
			isa = PBXFrameworksBuildPhase;
			buildActionMask = 2147483647;
			files = (
				B3204DB5136388230061A1CE /* Cocoa.framework in Frameworks */,
				B3204E02136389C20061A1CE /* Foundation.framework in Frameworks */,
			);
			runOnlyForDeploymentPostprocessing = 0;
		};
		B3204DD0136388600061A1CE /* Frameworks */ = {
			isa = PBXFrameworksBuildPhase;
			buildActionMask = 2147483647;
			files = (
				B3204E0613638B010061A1CE /* CoreGraphics.framework in Frameworks */,
				B3204E0413638ABE0061A1CE /* Foundation.framework in Frameworks */,
			);
			runOnlyForDeploymentPostprocessing = 0;
		};
		B3204DDE1363888B0061A1CE /* Frameworks */ = {
			isa = PBXFrameworksBuildPhase;
			buildActionMask = 2147483647;
			files = (
				B3204E0813638B160061A1CE /* Quartz.framework in Frameworks */,
				B3204E011363899E0061A1CE /* Foundation.framework in Frameworks */,
				B3204E0313638ABA0061A1CE /* Cocoa.framework in Frameworks */,
			);
			runOnlyForDeploymentPostprocessing = 0;
		};
/* End PBXFrameworksBuildPhase section */

/* Begin PBXGroup section */
		B3204D98136388230061A1CE = {
			isa = PBXGroup;
			children = (
				B31F741B137E44C800250779 /* PortableStaticLibrary.xcconfig */,
				B3204DAC136388230061A1CE /* AMFoundation */,
				B3204DD6136388600061A1CE /* AMFoundation_iOS */,
				B3204DE31363888B0061A1CE /* AMFoundation_Mac */,
				B3204DB9136388230061A1CE /* AMFoundationTests */,
				B3204DA5136388230061A1CE /* Frameworks */,
				B3204DA4136388230061A1CE /* Products */,
			);
			sourceTree = "<group>";
		};
		B3204DA4136388230061A1CE /* Products */ = {
			isa = PBXGroup;
			children = (
				B3204DB4136388230061A1CE /* AMFoundationTests.octest */,
				B3204DD3136388600061A1CE /* libAMFoundation_iOS.a */,
				B3204DE11363888B0061A1CE /* libAMFoundation_Mac.a */,
			);
			name = Products;
			sourceTree = "<group>";
		};
		B3204DA5136388230061A1CE /* Frameworks */ = {
			isa = PBXGroup;
			children = (
				B3204E001363899E0061A1CE /* Foundation.framework */,
				B3204DA6136388230061A1CE /* Cocoa.framework */,
				B3204E0713638B160061A1CE /* Quartz.framework */,
				B3204E0513638B010061A1CE /* CoreGraphics.framework */,
			);
			name = Frameworks;
			sourceTree = "<group>";
		};
		B3204DAC136388230061A1CE /* AMFoundation */ = {
			isa = PBXGroup;
			children = (
				B31F7447137E4BF300250779 /* AMFoundation.h */,
				B3802A76136E8BBA002A5748 /* AMError.h */,
				B3802A7A136E8C1A002A5748 /* AMError.m */,
				B3204DEF1363893A0061A1CE /* AMExtensions.h */,
				B3204DF01363893A0061A1CE /* AMExtensions.m */,
				B3204DF11363893A0061A1CE /* AMGeometry.h */,
				B3204DF21363893A0061A1CE /* AMGeometry.m */,
				B3204DF31363893A0061A1CE /* AMLogMacros.h */,
				B31F7440137E4BD500250779 /* AMUtility.h */,
				B31F7441137E4BD500250779 /* AMUtility.m */,
			);
			path = AMFoundation;
			sourceTree = "<group>";
		};
		B3204DB9136388230061A1CE /* AMFoundationTests */ = {
			isa = PBXGroup;
			children = (
				B3204DC0136388230061A1CE /* AMFoundationTests.h */,
				B3204DC2136388230061A1CE /* AMFoundationTests.m */,
				B3204DBA136388230061A1CE /* Supporting Files */,
			);
			path = AMFoundationTests;
			sourceTree = "<group>";
		};
		B3204DBA136388230061A1CE /* Supporting Files */ = {
			isa = PBXGroup;
			children = (
				B3204DBB136388230061A1CE /* AMFoundationTests-Info.plist */,
				B3204DBC136388230061A1CE /* InfoPlist.strings */,
				B3204DBF136388230061A1CE /* AMFoundationTests-Prefix.pch */,
			);
			name = "Supporting Files";
			sourceTree = "<group>";
		};
		B3204DD6136388600061A1CE /* AMFoundation_iOS */ = {
			isa = PBXGroup;
			children = (
				B3204DD7136388600061A1CE /* Supporting Files */,
			);
			path = AMFoundation_iOS;
			sourceTree = "<group>";
		};
		B3204DD7136388600061A1CE /* Supporting Files */ = {
			isa = PBXGroup;
			children = (
				B3204DD8136388600061A1CE /* AMFoundation_iOS-Prefix.pch */,
			);
			name = "Supporting Files";
			sourceTree = "<group>";
		};
		B3204DE31363888B0061A1CE /* AMFoundation_Mac */ = {
			isa = PBXGroup;
			children = (
				B3204DE41363888B0061A1CE /* Supporting Files */,
			);
			path = AMFoundation_Mac;
			sourceTree = "<group>";
		};
		B3204DE41363888B0061A1CE /* Supporting Files */ = {
			isa = PBXGroup;
			children = (
				B3204DE51363888B0061A1CE /* AMFoundation_Mac-Prefix.pch */,
			);
			name = "Supporting Files";
			sourceTree = "<group>";
		};
/* End PBXGroup section */

/* Begin PBXHeadersBuildPhase section */
		B3204DD1136388600061A1CE /* Headers */ = {
			isa = PBXHeadersBuildPhase;
			buildActionMask = 2147483647;
			files = (
				B3204DF41363893A0061A1CE /* AMExtensions.h in Headers */,
				B3204DF91363893A0061A1CE /* AMGeometry.h in Headers */,
				B31F7448137E4BF300250779 /* AMFoundation.h in Headers */,
				B31F7442137E4BD500250779 /* AMUtility.h in Headers */,
				B3204DFE1363893A0061A1CE /* AMLogMacros.h in Headers */,
				B3802A77136E8BBA002A5748 /* AMError.h in Headers */,
			);
			runOnlyForDeploymentPostprocessing = 0;
		};
		B3204DDF1363888B0061A1CE /* Headers */ = {
			isa = PBXHeadersBuildPhase;
			buildActionMask = 2147483647;
			files = (
				B3204DF51363893A0061A1CE /* AMExtensions.h in Headers */,
				B3204DFA1363893A0061A1CE /* AMGeometry.h in Headers */,
				B3204DFF1363893A0061A1CE /* AMLogMacros.h in Headers */,
				B31F7443137E4BD500250779 /* AMUtility.h in Headers */,
				B31F7449137E4BF300250779 /* AMFoundation.h in Headers */,
				B3802A78136E8BBA002A5748 /* AMError.h in Headers */,
			);
			runOnlyForDeploymentPostprocessing = 0;
		};
/* End PBXHeadersBuildPhase section */

/* Begin PBXNativeTarget section */
		B3204DB3136388230061A1CE /* AMFoundationTests */ = {
			isa = PBXNativeTarget;
			buildConfigurationList = B3204DC9136388230061A1CE /* Build configuration list for PBXNativeTarget "AMFoundationTests" */;
			buildPhases = (
				B3204DAF136388230061A1CE /* Sources */,
				B3204DB0136388230061A1CE /* Frameworks */,
				B3204DB1136388230061A1CE /* Resources */,
				B3204DB2136388230061A1CE /* ShellScript */,
			);
			buildRules = (
			);
			dependencies = (
			);
			name = AMFoundationTests;
			productName = AMFoundationTests;
			productReference = B3204DB4136388230061A1CE /* AMFoundationTests.octest */;
			productType = "com.apple.product-type.bundle";
		};
		B3204DD2136388600061A1CE /* AMFoundation_iOS */ = {
			isa = PBXNativeTarget;
			buildConfigurationList = B3204DDB136388600061A1CE /* Build configuration list for PBXNativeTarget "AMFoundation_iOS" */;
			buildPhases = (
				B31F7472137F143700250779 /* Log Environment */,
				B3204DCF136388600061A1CE /* Sources */,
				B3204DD0136388600061A1CE /* Frameworks */,
				B3204DD1136388600061A1CE /* Headers */,
			);
			buildRules = (
			);
			dependencies = (
			);
			name = AMFoundation_iOS;
			productName = AMFoundation_iOS;
			productReference = B3204DD3136388600061A1CE /* libAMFoundation_iOS.a */;
			productType = "com.apple.product-type.library.static";
		};
		B3204DE01363888B0061A1CE /* AMFoundation_Mac */ = {
			isa = PBXNativeTarget;
			buildConfigurationList = B3204DE61363888B0061A1CE /* Build configuration list for PBXNativeTarget "AMFoundation_Mac" */;
			buildPhases = (
				B3204DDD1363888B0061A1CE /* Sources */,
				B3204DDE1363888B0061A1CE /* Frameworks */,
				B3204DDF1363888B0061A1CE /* Headers */,
			);
			buildRules = (
			);
			dependencies = (
			);
			name = AMFoundation_Mac;
			productName = AMFoundation_MacOSX;
			productReference = B3204DE11363888B0061A1CE /* libAMFoundation_Mac.a */;
			productType = "com.apple.product-type.library.static";
		};
/* End PBXNativeTarget section */

/* Begin PBXProject section */
		B3204D9A136388230061A1CE /* Project object */ = {
			isa = PBXProject;
			attributes = {
				LastUpgradeCheck = 0420;
				ORGANIZATIONNAME = MindSnacks;
			};
			buildConfigurationList = B3204D9D136388230061A1CE /* Build configuration list for PBXProject "AMFoundation" */;
			compatibilityVersion = "Xcode 3.2";
			developmentRegion = English;
			hasScannedForEncodings = 0;
			knownRegions = (
				en,
			);
			mainGroup = B3204D98136388230061A1CE;
			productRefGroup = B3204DA4136388230061A1CE /* Products */;
			projectDirPath = "";
			projectRoot = "";
			targets = (
				B3204DD2136388600061A1CE /* AMFoundation_iOS */,
				B3204DE01363888B0061A1CE /* AMFoundation_Mac */,
				B3204DB3136388230061A1CE /* AMFoundationTests */,
			);
		};
/* End PBXProject section */

/* Begin PBXResourcesBuildPhase section */
		B3204DB1136388230061A1CE /* Resources */ = {
			isa = PBXResourcesBuildPhase;
			buildActionMask = 2147483647;
			files = (
				B3204DBE136388230061A1CE /* InfoPlist.strings in Resources */,
				B3204DC1136388230061A1CE /* AMFoundationTests.h in Resources */,
			);
			runOnlyForDeploymentPostprocessing = 0;
		};
/* End PBXResourcesBuildPhase section */

/* Begin PBXShellScriptBuildPhase section */
		B31F7472137F143700250779 /* Log Environment */ = {
			isa = PBXShellScriptBuildPhase;
			buildActionMask = 2147483647;
			files = (
			);
			inputPaths = (
			);
			name = "Log Environment";
			outputPaths = (
			);
			runOnlyForDeploymentPostprocessing = 0;
			shellPath = /bin/sh;
			shellScript = "";
		};
		B3204DB2136388230061A1CE /* ShellScript */ = {
			isa = PBXShellScriptBuildPhase;
			buildActionMask = 2147483647;
			files = (
			);
			inputPaths = (
			);
			outputPaths = (
			);
			runOnlyForDeploymentPostprocessing = 0;
			shellPath = /bin/sh;
			shellScript = "# Run the unit tests in this test bundle.\n\"${SYSTEM_DEVELOPER_DIR}/Tools/RunUnitTests\"\n";
		};
/* End PBXShellScriptBuildPhase section */

/* Begin PBXSourcesBuildPhase section */
		B3204DAF136388230061A1CE /* Sources */ = {
			isa = PBXSourcesBuildPhase;
			buildActionMask = 2147483647;
			files = (
				B3204DC3136388230061A1CE /* AMFoundationTests.m in Sources */,
				B3204DF81363893A0061A1CE /* AMExtensions.m in Sources */,
				B3204DFD1363893A0061A1CE /* AMGeometry.m in Sources */,
			);
			runOnlyForDeploymentPostprocessing = 0;
		};
		B3204DCF136388600061A1CE /* Sources */ = {
			isa = PBXSourcesBuildPhase;
			buildActionMask = 2147483647;
			files = (
				B3204DF61363893A0061A1CE /* AMExtensions.m in Sources */,
				B3204DFB1363893A0061A1CE /* AMGeometry.m in Sources */,
				B3802A7B136E8C1A002A5748 /* AMError.m in Sources */,
				B31F7444137E4BD500250779 /* AMUtility.m in Sources */,
			);
			runOnlyForDeploymentPostprocessing = 0;
		};
		B3204DDD1363888B0061A1CE /* Sources */ = {
			isa = PBXSourcesBuildPhase;
			buildActionMask = 2147483647;
			files = (
				B3204DF71363893A0061A1CE /* AMExtensions.m in Sources */,
				B3204DFC1363893A0061A1CE /* AMGeometry.m in Sources */,
				B3802A7C136E8C1A002A5748 /* AMError.m in Sources */,
				B31F7445137E4BD500250779 /* AMUtility.m in Sources */,
			);
			runOnlyForDeploymentPostprocessing = 0;
		};
/* End PBXSourcesBuildPhase section */

/* Begin PBXVariantGroup section */
		B3204DBC136388230061A1CE /* InfoPlist.strings */ = {
			isa = PBXVariantGroup;
			children = (
				B3204DBD136388230061A1CE /* en */,
			);
			name = InfoPlist.strings;
			sourceTree = "<group>";
		};
/* End PBXVariantGroup section */

/* Begin XCBuildConfiguration section */
		B3204DC4136388230061A1CE /* Debug */ = {
			isa = XCBuildConfiguration;
			baseConfigurationReference = B31F741B137E44C800250779 /* PortableStaticLibrary.xcconfig */;
			buildSettings = {
				ARCHS = "$(ARCHS_STANDARD_32_64_BIT)";
				GCC_C_LANGUAGE_STANDARD = gnu99;
				GCC_OPTIMIZATION_LEVEL = 0;
				GCC_PREPROCESSOR_DEFINITIONS = DEBUG;
				GCC_SYMBOLS_PRIVATE_EXTERN = NO;
				GCC_VERSION = com.apple.compilers.llvm.clang.1_0;
				GCC_WARN_64_TO_32_BIT_CONVERSION = YES;
				GCC_WARN_ABOUT_RETURN_TYPE = YES;
				GCC_WARN_UNUSED_VARIABLE = YES;
				IPHONEOS_DEPLOYMENT_TARGET = 4.1;
				MACOSX_DEPLOYMENT_TARGET = 10.6;
				SDKROOT = macosx;
			};
			name = Debug;
		};
		B3204DC5136388230061A1CE /* Release */ = {
			isa = XCBuildConfiguration;
			baseConfigurationReference = B31F741B137E44C800250779 /* PortableStaticLibrary.xcconfig */;
			buildSettings = {
				ARCHS = "$(ARCHS_STANDARD_32_64_BIT)";
				GCC_C_LANGUAGE_STANDARD = gnu99;
				GCC_VERSION = com.apple.compilers.llvm.clang.1_0;
				GCC_WARN_64_TO_32_BIT_CONVERSION = YES;
				GCC_WARN_ABOUT_RETURN_TYPE = YES;
				GCC_WARN_UNUSED_VARIABLE = YES;
				IPHONEOS_DEPLOYMENT_TARGET = 4.1;
				MACOSX_DEPLOYMENT_TARGET = 10.6;
				SDKROOT = macosx;
			};
			name = Release;
		};
		B3204DCA136388230061A1CE /* Debug */ = {
			isa = XCBuildConfiguration;
			buildSettings = {
				ALWAYS_SEARCH_USER_PATHS = NO;
				COPY_PHASE_STRIP = NO;
				FRAMEWORK_SEARCH_PATHS = "$(DEVELOPER_LIBRARY_DIR)/Frameworks";
				GCC_DYNAMIC_NO_PIC = NO;
				GCC_ENABLE_OBJC_EXCEPTIONS = YES;
				GCC_PRECOMPILE_PREFIX_HEADER = YES;
				GCC_PREFIX_HEADER = "AMFoundationTests/AMFoundationTests-Prefix.pch";
				INFOPLIST_FILE = "AMFoundationTests/AMFoundationTests-Info.plist";
				OTHER_LDFLAGS = (
					"-framework",
					SenTestingKit,
				);
				PRODUCT_NAME = "$(TARGET_NAME)";
				WRAPPER_EXTENSION = octest;
			};
			name = Debug;
		};
		B3204DCB136388230061A1CE /* Release */ = {
			isa = XCBuildConfiguration;
			buildSettings = {
				ALWAYS_SEARCH_USER_PATHS = NO;
				COPY_PHASE_STRIP = YES;
				DEBUG_INFORMATION_FORMAT = "dwarf-with-dsym";
				FRAMEWORK_SEARCH_PATHS = "$(DEVELOPER_LIBRARY_DIR)/Frameworks";
				GCC_ENABLE_OBJC_EXCEPTIONS = YES;
				GCC_PRECOMPILE_PREFIX_HEADER = YES;
				GCC_PREFIX_HEADER = "AMFoundationTests/AMFoundationTests-Prefix.pch";
				INFOPLIST_FILE = "AMFoundationTests/AMFoundationTests-Info.plist";
				OTHER_LDFLAGS = (
					"-framework",
					SenTestingKit,
				);
				PRODUCT_NAME = "$(TARGET_NAME)";
				WRAPPER_EXTENSION = octest;
			};
			name = Release;
		};
		B3204DD9136388600061A1CE /* Debug */ = {
			isa = XCBuildConfiguration;
			baseConfigurationReference = B31F741B137E44C800250779 /* PortableStaticLibrary.xcconfig */;
			buildSettings = {
				ALWAYS_SEARCH_USER_PATHS = NO;
				ARCHS = "$(ARCHS_STANDARD_32_BIT)";
				DSTROOT = /tmp/AMFoundation_iOS.dst;
				GCC_PRECOMPILE_PREFIX_HEADER = YES;
				GCC_PREFIX_HEADER = "AMFoundation_iOS/AMFoundation_iOS-Prefix.pch";
				GCC_VERSION = com.apple.compilers.llvm.clang.1_0;
				IPHONEOS_DEPLOYMENT_TARGET = 4.3;
				PRODUCT_NAME = "$(TARGET_NAME)";
				SDKROOT = iphoneos;
			};
			name = Debug;
		};
		B3204DDA136388600061A1CE /* Release */ = {
			isa = XCBuildConfiguration;
			baseConfigurationReference = B31F741B137E44C800250779 /* PortableStaticLibrary.xcconfig */;
			buildSettings = {
				ALWAYS_SEARCH_USER_PATHS = NO;
				ARCHS = "$(ARCHS_STANDARD_32_BIT)";
				DSTROOT = /tmp/AMFoundation_iOS.dst;
				GCC_PRECOMPILE_PREFIX_HEADER = YES;
				GCC_PREFIX_HEADER = "AMFoundation_iOS/AMFoundation_iOS-Prefix.pch";
				GCC_VERSION = com.apple.compilers.llvm.clang.1_0;
				IPHONEOS_DEPLOYMENT_TARGET = 4.3;
				PRODUCT_NAME = "$(TARGET_NAME)";
				SDKROOT = iphoneos;
			};
			name = Release;
		};
		B3204DE71363888B0061A1CE /* Debug */ = {
			isa = XCBuildConfiguration;
			baseConfigurationReference = B31F741B137E44C800250779 /* PortableStaticLibrary.xcconfig */;
			buildSettings = {
				ALWAYS_SEARCH_USER_PATHS = NO;
				COPY_PHASE_STRIP = NO;
				GCC_DYNAMIC_NO_PIC = NO;
				GCC_ENABLE_OBJC_EXCEPTIONS = YES;
				GCC_PRECOMPILE_PREFIX_HEADER = YES;
				GCC_PREFIX_HEADER = "AMFoundation_Mac/AMFoundation_Mac-Prefix.pch";
				PRODUCT_NAME = "$(TARGET_NAME)";
			};
			name = Debug;
		};
		B3204DE81363888B0061A1CE /* Release */ = {
			isa = XCBuildConfiguration;
			baseConfigurationReference = B31F741B137E44C800250779 /* PortableStaticLibrary.xcconfig */;
			buildSettings = {
				ALWAYS_SEARCH_USER_PATHS = NO;
				COPY_PHASE_STRIP = YES;
				DEBUG_INFORMATION_FORMAT = "dwarf-with-dsym";
				GCC_ENABLE_OBJC_EXCEPTIONS = YES;
				GCC_PRECOMPILE_PREFIX_HEADER = YES;
				GCC_PREFIX_HEADER = "AMFoundation_Mac/AMFoundation_Mac-Prefix.pch";
				PRODUCT_NAME = "$(TARGET_NAME)";
			};
			name = Release;
		};
/* End XCBuildConfiguration section */

/* Begin XCConfigurationList section */
		B3204D9D136388230061A1CE /* Build configuration list for PBXProject "AMFoundation" */ = {
			isa = XCConfigurationList;
			buildConfigurations = (
				B3204DC4136388230061A1CE /* Debug */,
				B3204DC5136388230061A1CE /* Release */,
			);
			defaultConfigurationIsVisible = 0;
			defaultConfigurationName = Release;
		};
		B3204DC9136388230061A1CE /* Build configuration list for PBXNativeTarget "AMFoundationTests" */ = {
			isa = XCConfigurationList;
			buildConfigurations = (
				B3204DCA136388230061A1CE /* Debug */,
				B3204DCB136388230061A1CE /* Release */,
			);
			defaultConfigurationIsVisible = 0;
			defaultConfigurationName = Release;
		};
		B3204DDB136388600061A1CE /* Build configuration list for PBXNativeTarget "AMFoundation_iOS" */ = {
			isa = XCConfigurationList;
			buildConfigurations = (
				B3204DD9136388600061A1CE /* Debug */,
				B3204DDA136388600061A1CE /* Release */,
			);
			defaultConfigurationIsVisible = 0;
			defaultConfigurationName = Release;
		};
		B3204DE61363888B0061A1CE /* Build configuration list for PBXNativeTarget "AMFoundation_Mac" */ = {
			isa = XCConfigurationList;
			buildConfigurations = (
				B3204DE71363888B0061A1CE /* Debug */,
				B3204DE81363888B0061A1CE /* Release */,
			);
			defaultConfigurationIsVisible = 0;
			defaultConfigurationName = Release;
		};
/* End XCConfigurationList section */
	};
	rootObject = B3204D9A136388230061A1CE /* Project object */;
}
